
Microsoft Visual Studio Solution File, Format Version 12.00
# Visual Studio Version 17
VisualStudioVersion = 17.4.33213.308
MinimumVisualStudioVersion = 10.0.40219.1
Project("{FAE04EC0-301F-11D3-BF4B-00C04F79EFBC}") = "Tables", "Tables\Tables.csproj", "{DBEF7377-8A3A-4D64-BC99-53C3BB10370C}"
EndProject
Project("{FAE04EC0-301F-11D3-BF4B-00C04F79EFBC}") = "Dockpanel", "Dockpanel\Dockpanel.csproj", "{E9D2A423-8FFD-4898-8ECF-8ADE1A3CD260}"
EndProject
Global
	GlobalSection(SolutionConfigurationPlatforms) = preSolution
		Debug|Any CPU = Debug|Any CPU
		Release|Any CPU = Release|Any CPU
	EndGlobalSection
	GlobalSection(ProjectConfigurationPlatforms) = postSolution
		{DBEF7377-8A3A-4D64-BC99-53C3BB10370C}.Debug|Any CPU.ActiveCfg = Debug|Any CPU
		{DBEF7377-8A3A-4D64-BC99-53C3BB10370C}.Debug|Any CPU.Build.0 = Debug|Any CPU
		{DBEF7377-8A3A-4D64-BC99-53C3BB10370C}.Release|Any CPU.ActiveCfg = Release|Any CPU
		{DBEF7377-8A3A-4D64-BC99-53C3BB10370C}.Release|Any CPU.Build.0 = Release|Any CPU
		{E9D2A423-8FFD-4898-8ECF-8ADE1A3CD260}.Debug|Any CPU.ActiveCfg = Debug|Any CPU
		{E9D2A423-8FFD-4898-8ECF-8ADE1A3CD260}.Debug|Any CPU.Build.0 = Debug|Any CPU
		{E9D2A423-8FFD-4898-8ECF-8ADE1A3CD260}.Release|Any CPU.ActiveCfg = Release|Any CPU
		{E9D2A423-8FFD-4898-8ECF-8ADE1A3CD260}.Release|Any CPU.Build.0 = Release|Any CPU
	EndGlobalSection
	GlobalSection(SolutionProperties) = preSolution
		HideSolutionNode = FALSE
	EndGlobalSection
	GlobalSection(ExtensibilityGlobals) = postSolution
		SolutionGuid = {238D332D-71BA-4E43-B9B0-61EDAB787D9B}
	EndGlobalSection
EndGlobal
